// !$*UTF8*$!
{
	archiveVersion = 1;
	classes = {
	};
	objectVersion = 48;
	objects = {

/* Begin PBXBuildFile section */
		5767133D2040B26F00369809 /* AppDelegate.swift in Sources */ = {isa = PBXBuildFile; fileRef = 5767133C2040B26F00369809 /* AppDelegate.swift */; };
		576713442040B26F00369809 /* Assets.xcassets in Resources */ = {isa = PBXBuildFile; fileRef = 576713432040B26F00369809 /* Assets.xcassets */; };
		576713472040B26F00369809 /* LaunchScreen.storyboard in Resources */ = {isa = PBXBuildFile; fileRef = 576713452040B26F00369809 /* LaunchScreen.storyboard */; };
		5767135D2040B26F00369809 /* MovieAppUITests.swift in Sources */ = {isa = PBXBuildFile; fileRef = 5767135C2040B26F00369809 /* MovieAppUITests.swift */; };
		5767136B2040B33E00369809 /* MoviesViewController.swift in Sources */ = {isa = PBXBuildFile; fileRef = 5767136A2040B33E00369809 /* MoviesViewController.swift */; };
		5767136D2040B35600369809 /* Movies.storyboard in Resources */ = {isa = PBXBuildFile; fileRef = 5767136C2040B35600369809 /* Movies.storyboard */; };
		576713702040B36900369809 /* MoviesProtocol.swift in Sources */ = {isa = PBXBuildFile; fileRef = 5767136F2040B36900369809 /* MoviesProtocol.swift */; };
		576713722040B39200369809 /* MoviesInteractor.swift in Sources */ = {isa = PBXBuildFile; fileRef = 576713712040B39200369809 /* MoviesInteractor.swift */; };
		576713742040B39D00369809 /* MoviesInteractorProtocol.swift in Sources */ = {isa = PBXBuildFile; fileRef = 576713732040B39D00369809 /* MoviesInteractorProtocol.swift */; };
		576713772040B3BC00369809 /* MoviesPresenter.swift in Sources */ = {isa = PBXBuildFile; fileRef = 576713762040B3BC00369809 /* MoviesPresenter.swift */; };
		576713792040B3CA00369809 /* MoviesPresenterProtocol.swift in Sources */ = {isa = PBXBuildFile; fileRef = 576713782040B3CA00369809 /* MoviesPresenterProtocol.swift */; };
		5767137C2040B3DE00369809 /* MoviesRouting.swift in Sources */ = {isa = PBXBuildFile; fileRef = 5767137B2040B3DE00369809 /* MoviesRouting.swift */; };
		5767137E2040B3EA00369809 /* MoviesRoutingProtocol.swift in Sources */ = {isa = PBXBuildFile; fileRef = 5767137D2040B3EA00369809 /* MoviesRoutingProtocol.swift */; };
/* End PBXBuildFile section */

/* Begin PBXContainerItemProxy section */
		5767134E2040B26F00369809 /* PBXContainerItemProxy */ = {
			isa = PBXContainerItemProxy;
			containerPortal = 576713312040B26F00369809 /* Project object */;
			proxyType = 1;
			remoteGlobalIDString = 576713382040B26F00369809;
			remoteInfo = MovieApp;
		};
		576713592040B26F00369809 /* PBXContainerItemProxy */ = {
			isa = PBXContainerItemProxy;
			containerPortal = 576713312040B26F00369809 /* Project object */;
			proxyType = 1;
			remoteGlobalIDString = 576713382040B26F00369809;
			remoteInfo = MovieApp;
		};
/* End PBXContainerItemProxy section */

/* Begin PBXFileReference section */
		576713392040B26F00369809 /* MovieApp.app */ = {isa = PBXFileReference; explicitFileType = wrapper.application; includeInIndex = 0; path = MovieApp.app; sourceTree = BUILT_PRODUCTS_DIR; };
		5767133C2040B26F00369809 /* AppDelegate.swift */ = {isa = PBXFileReference; lastKnownFileType = sourcecode.swift; path = AppDelegate.swift; sourceTree = "<group>"; };
		576713432040B26F00369809 /* Assets.xcassets */ = {isa = PBXFileReference; lastKnownFileType = folder.assetcatalog; path = Assets.xcassets; sourceTree = "<group>"; };
		576713462040B26F00369809 /* Base */ = {isa = PBXFileReference; lastKnownFileType = file.storyboard; name = Base; path = Base.lproj/LaunchScreen.storyboard; sourceTree = "<group>"; };
		576713482040B26F00369809 /* Info.plist */ = {isa = PBXFileReference; lastKnownFileType = text.plist.xml; path = Info.plist; sourceTree = "<group>"; };
		5767134D2040B26F00369809 /* MovieAppTests.xctest */ = {isa = PBXFileReference; explicitFileType = wrapper.cfbundle; includeInIndex = 0; path = MovieAppTests.xctest; sourceTree = BUILT_PRODUCTS_DIR; };
		576713532040B26F00369809 /* Info.plist */ = {isa = PBXFileReference; lastKnownFileType = text.plist.xml; path = Info.plist; sourceTree = "<group>"; };
		576713582040B26F00369809 /* MovieAppUITests.xctest */ = {isa = PBXFileReference; explicitFileType = wrapper.cfbundle; includeInIndex = 0; path = MovieAppUITests.xctest; sourceTree = BUILT_PRODUCTS_DIR; };
		5767135C2040B26F00369809 /* MovieAppUITests.swift */ = {isa = PBXFileReference; lastKnownFileType = sourcecode.swift; path = MovieAppUITests.swift; sourceTree = "<group>"; };
		5767135E2040B26F00369809 /* Info.plist */ = {isa = PBXFileReference; lastKnownFileType = text.plist.xml; path = Info.plist; sourceTree = "<group>"; };
		5767136A2040B33E00369809 /* MoviesViewController.swift */ = {isa = PBXFileReference; lastKnownFileType = sourcecode.swift; path = MoviesViewController.swift; sourceTree = "<group>"; };
		5767136C2040B35600369809 /* Movies.storyboard */ = {isa = PBXFileReference; lastKnownFileType = file.storyboard; path = Movies.storyboard; sourceTree = "<group>"; };
		5767136F2040B36900369809 /* MoviesProtocol.swift */ = {isa = PBXFileReference; lastKnownFileType = sourcecode.swift; path = MoviesProtocol.swift; sourceTree = "<group>"; };
		576713712040B39200369809 /* MoviesInteractor.swift */ = {isa = PBXFileReference; lastKnownFileType = sourcecode.swift; path = MoviesInteractor.swift; sourceTree = "<group>"; };
		576713732040B39D00369809 /* MoviesInteractorProtocol.swift */ = {isa = PBXFileReference; lastKnownFileType = sourcecode.swift; path = MoviesInteractorProtocol.swift; sourceTree = "<group>"; };
		576713762040B3BC00369809 /* MoviesPresenter.swift */ = {isa = PBXFileReference; lastKnownFileType = sourcecode.swift; path = MoviesPresenter.swift; sourceTree = "<group>"; };
		576713782040B3CA00369809 /* MoviesPresenterProtocol.swift */ = {isa = PBXFileReference; lastKnownFileType = sourcecode.swift; path = MoviesPresenterProtocol.swift; sourceTree = "<group>"; };
		5767137B2040B3DE00369809 /* MoviesRouting.swift */ = {isa = PBXFileReference; lastKnownFileType = sourcecode.swift; path = MoviesRouting.swift; sourceTree = "<group>"; };
		5767137D2040B3EA00369809 /* MoviesRoutingProtocol.swift */ = {isa = PBXFileReference; lastKnownFileType = sourcecode.swift; path = MoviesRoutingProtocol.swift; sourceTree = "<group>"; };
/* End PBXFileReference section */

/* Begin PBXFrameworksBuildPhase section */
		576713362040B26F00369809 /* Frameworks */ = {
			isa = PBXFrameworksBuildPhase;
			buildActionMask = 2147483647;
			files = (
			);
			runOnlyForDeploymentPostprocessing = 0;
		};
		5767134A2040B26F00369809 /* Frameworks */ = {
			isa = PBXFrameworksBuildPhase;
			buildActionMask = 2147483647;
			files = (
			);
			runOnlyForDeploymentPostprocessing = 0;
		};
		576713552040B26F00369809 /* Frameworks */ = {
			isa = PBXFrameworksBuildPhase;
			buildActionMask = 2147483647;
			files = (
			);
			runOnlyForDeploymentPostprocessing = 0;
		};
/* End PBXFrameworksBuildPhase section */

/* Begin PBXGroup section */
		576713302040B26F00369809 = {
			isa = PBXGroup;
			children = (
				5767133B2040B26F00369809 /* MovieApp */,
				576713502040B26F00369809 /* MovieAppTests */,
				5767135B2040B26F00369809 /* MovieAppUITests */,
				5767133A2040B26F00369809 /* Products */,
			);
			sourceTree = "<group>";
		};
		5767133A2040B26F00369809 /* Products */ = {
			isa = PBXGroup;
			children = (
				576713392040B26F00369809 /* MovieApp.app */,
				5767134D2040B26F00369809 /* MovieAppTests.xctest */,
				576713582040B26F00369809 /* MovieAppUITests.xctest */,
			);
			name = Products;
			sourceTree = "<group>";
		};
		5767133B2040B26F00369809 /* MovieApp */ = {
			isa = PBXGroup;
			children = (
				5767133C2040B26F00369809 /* AppDelegate.swift */,
				576713432040B26F00369809 /* Assets.xcassets */,
				576713452040B26F00369809 /* LaunchScreen.storyboard */,
				576713482040B26F00369809 /* Info.plist */,
				5767136E2040B35C00369809 /* View */,
				576713752040B3AE00369809 /* Interactor */,
				5767137A2040B3CD00369809 /* Presenter */,
				5767137F2040B3EE00369809 /* Routing */,
			);
			path = MovieApp;
			sourceTree = "<group>";
		};
		576713502040B26F00369809 /* MovieAppTests */ = {
			isa = PBXGroup;
			children = (
				576713532040B26F00369809 /* Info.plist */,
			);
			path = MovieAppTests;
			sourceTree = "<group>";
		};
		5767135B2040B26F00369809 /* MovieAppUITests */ = {
			isa = PBXGroup;
			children = (
				5767135C2040B26F00369809 /* MovieAppUITests.swift */,
				5767135E2040B26F00369809 /* Info.plist */,
			);
			path = MovieAppUITests;
			sourceTree = "<group>";
		};
		5767136E2040B35C00369809 /* View */ = {
			isa = PBXGroup;
			children = (
				5767136F2040B36900369809 /* MoviesProtocol.swift */,
				5767136A2040B33E00369809 /* MoviesViewController.swift */,
				5767136C2040B35600369809 /* Movies.storyboard */,
			);
			path = View;
			sourceTree = "<group>";
		};
		576713752040B3AE00369809 /* Interactor */ = {
			isa = PBXGroup;
			children = (
				576713712040B39200369809 /* MoviesInteractor.swift */,
				576713732040B39D00369809 /* MoviesInteractorProtocol.swift */,
			);
			path = Interactor;
			sourceTree = "<group>";
		};
		5767137A2040B3CD00369809 /* Presenter */ = {
			isa = PBXGroup;
			children = (
				576713762040B3BC00369809 /* MoviesPresenter.swift */,
				576713782040B3CA00369809 /* MoviesPresenterProtocol.swift */,
			);
			path = Presenter;
			sourceTree = "<group>";
		};
		5767137F2040B3EE00369809 /* Routing */ = {
			isa = PBXGroup;
			children = (
				5767137B2040B3DE00369809 /* MoviesRouting.swift */,
				5767137D2040B3EA00369809 /* MoviesRoutingProtocol.swift */,
			);
			path = Routing;
			sourceTree = "<group>";
		};
/* End PBXGroup section */

/* Begin PBXNativeTarget section */
		576713382040B26F00369809 /* MovieApp */ = {
			isa = PBXNativeTarget;
			buildConfigurationList = 576713612040B26F00369809 /* Build configuration list for PBXNativeTarget "MovieApp" */;
			buildPhases = (
				576713352040B26F00369809 /* Sources */,
				576713362040B26F00369809 /* Frameworks */,
				576713372040B26F00369809 /* Resources */,
			);
			buildRules = (
			);
			dependencies = (
			);
			name = MovieApp;
			productName = MovieApp;
			productReference = 576713392040B26F00369809 /* MovieApp.app */;
			productType = "com.apple.product-type.application";
		};
		5767134C2040B26F00369809 /* MovieAppTests */ = {
			isa = PBXNativeTarget;
			buildConfigurationList = 576713642040B26F00369809 /* Build configuration list for PBXNativeTarget "MovieAppTests" */;
			buildPhases = (
				576713492040B26F00369809 /* Sources */,
				5767134A2040B26F00369809 /* Frameworks */,
				5767134B2040B26F00369809 /* Resources */,
			);
			buildRules = (
			);
			dependencies = (
				5767134F2040B26F00369809 /* PBXTargetDependency */,
			);
			name = MovieAppTests;
			productName = MovieAppTests;
			productReference = 5767134D2040B26F00369809 /* MovieAppTests.xctest */;
			productType = "com.apple.product-type.bundle.unit-test";
		};
		576713572040B26F00369809 /* MovieAppUITests */ = {
			isa = PBXNativeTarget;
			buildConfigurationList = 576713672040B26F00369809 /* Build configuration list for PBXNativeTarget "MovieAppUITests" */;
			buildPhases = (
				576713542040B26F00369809 /* Sources */,
				576713552040B26F00369809 /* Frameworks */,
				576713562040B26F00369809 /* Resources */,
			);
			buildRules = (
			);
			dependencies = (
				5767135A2040B26F00369809 /* PBXTargetDependency */,
			);
			name = MovieAppUITests;
			productName = MovieAppUITests;
			productReference = 576713582040B26F00369809 /* MovieAppUITests.xctest */;
			productType = "com.apple.product-type.bundle.ui-testing";
		};
/* End PBXNativeTarget section */

/* Begin PBXProject section */
		576713312040B26F00369809 /* Project object */ = {
			isa = PBXProject;
			attributes = {
				LastSwiftUpdateCheck = 0920;
				LastUpgradeCheck = 0920;
				ORGANIZATIONNAME = "Raul Pedraza";
				TargetAttributes = {
					576713382040B26F00369809 = {
						CreatedOnToolsVersion = 9.2;
						ProvisioningStyle = Automatic;
					};
					5767134C2040B26F00369809 = {
						CreatedOnToolsVersion = 9.2;
						ProvisioningStyle = Automatic;
						TestTargetID = 576713382040B26F00369809;
					};
					576713572040B26F00369809 = {
						CreatedOnToolsVersion = 9.2;
						ProvisioningStyle = Automatic;
						TestTargetID = 576713382040B26F00369809;
					};
				};
			};
			buildConfigurationList = 576713342040B26F00369809 /* Build configuration list for PBXProject "MovieApp" */;
			compatibilityVersion = "Xcode 8.0";
			developmentRegion = en;
			hasScannedForEncodings = 0;
			knownRegions = (
				en,
				Base,
			);
			mainGroup = 576713302040B26F00369809;
			productRefGroup = 5767133A2040B26F00369809 /* Products */;
			projectDirPath = "";
			projectRoot = "";
			targets = (
				576713382040B26F00369809 /* MovieApp */,
				5767134C2040B26F00369809 /* MovieAppTests */,
				576713572040B26F00369809 /* MovieAppUITests */,
			);
		};
/* End PBXProject section */

/* Begin PBXResourcesBuildPhase section */
		576713372040B26F00369809 /* Resources */ = {
			isa = PBXResourcesBuildPhase;
			buildActionMask = 2147483647;
			files = (
				576713472040B26F00369809 /* LaunchScreen.storyboard in Resources */,
				5767136D2040B35600369809 /* Movies.storyboard in Resources */,
				576713442040B26F00369809 /* Assets.xcassets in Resources */,
			);
			runOnlyForDeploymentPostprocessing = 0;
		};
		5767134B2040B26F00369809 /* Resources */ = {
			isa = PBXResourcesBuildPhase;
			buildActionMask = 2147483647;
			files = (
			);
			runOnlyForDeploymentPostprocessing = 0;
		};
		576713562040B26F00369809 /* Resources */ = {
			isa = PBXResourcesBuildPhase;
			buildActionMask = 2147483647;
			files = (
			);
			runOnlyForDeploymentPostprocessing = 0;
		};
/* End PBXResourcesBuildPhase section */

/* Begin PBXSourcesBuildPhase section */
		576713352040B26F00369809 /* Sources */ = {
			isa = PBXSourcesBuildPhase;
			buildActionMask = 2147483647;
			files = (
				5767137E2040B3EA00369809 /* MoviesRoutingProtocol.swift in Sources */,
				576713792040B3CA00369809 /* MoviesPresenterProtocol.swift in Sources */,
				5767137C2040B3DE00369809 /* MoviesRouting.swift in Sources */,
				576713702040B36900369809 /* MoviesProtocol.swift in Sources */,
				5767133D2040B26F00369809 /* AppDelegate.swift in Sources */,
				576713742040B39D00369809 /* MoviesInteractorProtocol.swift in Sources */,
				5767136B2040B33E00369809 /* MoviesViewController.swift in Sources */,
				576713722040B39200369809 /* MoviesInteractor.swift in Sources */,
				576713772040B3BC00369809 /* MoviesPresenter.swift in Sources */,
			);
			runOnlyForDeploymentPostprocessing = 0;
		};
		576713492040B26F00369809 /* Sources */ = {
			isa = PBXSourcesBuildPhase;
			buildActionMask = 2147483647;
			files = (
			);
			runOnlyForDeploymentPostprocessing = 0;
		};
		576713542040B26F00369809 /* Sources */ = {
			isa = PBXSourcesBuildPhase;
			buildActionMask = 2147483647;
			files = (
				5767135D2040B26F00369809 /* MovieAppUITests.swift in Sources */,
			);
			runOnlyForDeploymentPostprocessing = 0;
		};
/* End PBXSourcesBuildPhase section */

/* Begin PBXTargetDependency section */
		5767134F2040B26F00369809 /* PBXTargetDependency */ = {
			isa = PBXTargetDependency;
			target = 576713382040B26F00369809 /* MovieApp */;
			targetProxy = 5767134E2040B26F00369809 /* PBXContainerItemProxy */;
		};
		5767135A2040B26F00369809 /* PBXTargetDependency */ = {
			isa = PBXTargetDependency;
			target = 576713382040B26F00369809 /* MovieApp */;
			targetProxy = 576713592040B26F00369809 /* PBXContainerItemProxy */;
		};
/* End PBXTargetDependency section */

/* Begin PBXVariantGroup section */
		576713452040B26F00369809 /* LaunchScreen.storyboard */ = {
			isa = PBXVariantGroup;
			children = (
				576713462040B26F00369809 /* Base */,
			);
			name = LaunchScreen.storyboard;
			sourceTree = "<group>";
		};
/* End PBXVariantGroup section */

/* Begin XCBuildConfiguration section */
		5767135F2040B26F00369809 /* Debug */ = {
			isa = XCBuildConfiguration;
			buildSettings = {
				ALWAYS_SEARCH_USER_PATHS = NO;
				CLANG_ANALYZER_NONNULL = YES;
				CLANG_ANALYZER_NUMBER_OBJECT_CONVERSION = YES_AGGRESSIVE;
				CLANG_CXX_LANGUAGE_STANDARD = "gnu++14";
				CLANG_CXX_LIBRARY = "libc++";
				CLANG_ENABLE_MODULES = YES;
				CLANG_ENABLE_OBJC_ARC = YES;
				CLANG_WARN_BLOCK_CAPTURE_AUTORELEASING = YES;
				CLANG_WARN_BOOL_CONVERSION = YES;
				CLANG_WARN_COMMA = YES;
				CLANG_WARN_CONSTANT_CONVERSION = YES;
				CLANG_WARN_DIRECT_OBJC_ISA_USAGE = YES_ERROR;
				CLANG_WARN_DOCUMENTATION_COMMENTS = YES;
				CLANG_WARN_EMPTY_BODY = YES;
				CLANG_WARN_ENUM_CONVERSION = YES;
				CLANG_WARN_INFINITE_RECURSION = YES;
				CLANG_WARN_INT_CONVERSION = YES;
				CLANG_WARN_NON_LITERAL_NULL_CONVERSION = YES;
				CLANG_WARN_OBJC_LITERAL_CONVERSION = YES;
				CLANG_WARN_OBJC_ROOT_CLASS = YES_ERROR;
				CLANG_WARN_RANGE_LOOP_ANALYSIS = YES;
				CLANG_WARN_STRICT_PROTOTYPES = YES;
				CLANG_WARN_SUSPICIOUS_MOVE = YES;
				CLANG_WARN_UNGUARDED_AVAILABILITY = YES_AGGRESSIVE;
				CLANG_WARN_UNREACHABLE_CODE = YES;
				CLANG_WARN__DUPLICATE_METHOD_MATCH = YES;
				CODE_SIGN_IDENTITY = "iPhone Developer";
				COPY_PHASE_STRIP = NO;
				DEBUG_INFORMATION_FORMAT = dwarf;
				ENABLE_STRICT_OBJC_MSGSEND = YES;
				ENABLE_TESTABILITY = YES;
				GCC_C_LANGUAGE_STANDARD = gnu11;
				GCC_DYNAMIC_NO_PIC = NO;
				GCC_NO_COMMON_BLOCKS = YES;
				GCC_OPTIMIZATION_LEVEL = 0;
				GCC_PREPROCESSOR_DEFINITIONS = (
					"DEBUG=1",
					"$(inherited)",
				);
				GCC_WARN_64_TO_32_BIT_CONVERSION = YES;
				GCC_WARN_ABOUT_RETURN_TYPE = YES_ERROR;
				GCC_WARN_UNDECLARED_SELECTOR = YES;
				GCC_WARN_UNINITIALIZED_AUTOS = YES_AGGRESSIVE;
				GCC_WARN_UNUSED_FUNCTION = YES;
				GCC_WARN_UNUSED_VARIABLE = YES;
				IPHONEOS_DEPLOYMENT_TARGET = 11.2;
				MTL_ENABLE_DEBUG_INFO = YES;
				ONLY_ACTIVE_ARCH = YES;
				SDKROOT = iphoneos;
				SWIFT_ACTIVE_COMPILATION_CONDITIONS = DEBUG;
				SWIFT_OPTIMIZATION_LEVEL = "-Onone";
			};
			name = Debug;
		};
		576713602040B26F00369809 /* Release */ = {
			isa = XCBuildConfiguration;
			buildSettings = {
				ALWAYS_SEARCH_USER_PATHS = NO;
				CLANG_ANALYZER_NONNULL = YES;
				CLANG_ANALYZER_NUMBER_OBJECT_CONVERSION = YES_AGGRESSIVE;
				CLANG_CXX_LANGUAGE_STANDARD = "gnu++14";
				CLANG_CXX_LIBRARY = "libc++";
				CLANG_ENABLE_MODULES = YES;
				CLANG_ENABLE_OBJC_ARC = YES;
				CLANG_WARN_BLOCK_CAPTURE_AUTORELEASING = YES;
				CLANG_WARN_BOOL_CONVERSION = YES;
				CLANG_WARN_COMMA = YES;
				CLANG_WARN_CONSTANT_CONVERSION = YES;
				CLANG_WARN_DIRECT_OBJC_ISA_USAGE = YES_ERROR;
				CLANG_WARN_DOCUMENTATION_COMMENTS = YES;
				CLANG_WARN_EMPTY_BODY = YES;
				CLANG_WARN_ENUM_CONVERSION = YES;
				CLANG_WARN_INFINITE_RECURSION = YES;
				CLANG_WARN_INT_CONVERSION = YES;
				CLANG_WARN_NON_LITERAL_NULL_CONVERSION = YES;
				CLANG_WARN_OBJC_LITERAL_CONVERSION = YES;
				CLANG_WARN_OBJC_ROOT_CLASS = YES_ERROR;
				CLANG_WARN_RANGE_LOOP_ANALYSIS = YES;
				CLANG_WARN_STRICT_PROTOTYPES = YES;
				CLANG_WARN_SUSPICIOUS_MOVE = YES;
				CLANG_WARN_UNGUARDED_AVAILABILITY = YES_AGGRESSIVE;
				CLANG_WARN_UNREACHABLE_CODE = YES;
				CLANG_WARN__DUPLICATE_METHOD_MATCH = YES;
				CODE_SIGN_IDENTITY = "iPhone Developer";
				COPY_PHASE_STRIP = NO;
				DEBUG_INFORMATION_FORMAT = "dwarf-with-dsym";
				ENABLE_NS_ASSERTIONS = NO;
				ENABLE_STRICT_OBJC_MSGSEND = YES;
				GCC_C_LANGUAGE_STANDARD = gnu11;
				GCC_NO_COMMON_BLOCKS = YES;
				GCC_WARN_64_TO_32_BIT_CONVERSION = YES;
				GCC_WARN_ABOUT_RETURN_TYPE = YES_ERROR;
				GCC_WARN_UNDECLARED_SELECTOR = YES;
				GCC_WARN_UNINITIALIZED_AUTOS = YES_AGGRESSIVE;
				GCC_WARN_UNUSED_FUNCTION = YES;
				GCC_WARN_UNUSED_VARIABLE = YES;
				IPHONEOS_DEPLOYMENT_TARGET = 11.2;
				MTL_ENABLE_DEBUG_INFO = NO;
				SDKROOT = iphoneos;
				SWIFT_OPTIMIZATION_LEVEL = "-Owholemodule";
				VALIDATE_PRODUCT = YES;
			};
			name = Release;
		};
		576713622040B26F00369809 /* Debug */ = {
			isa = XCBuildConfiguration;
			buildSettings = {
				ASSETCATALOG_COMPILER_APPICON_NAME = AppIcon;
				CODE_SIGN_STYLE = Automatic;
				INFOPLIST_FILE = MovieApp/Info.plist;
				LD_RUNPATH_SEARCH_PATHS = "$(inherited) @executable_path/Frameworks";
				PRODUCT_BUNDLE_IDENTIFIER = RaulPedrazaLeon.MovieApp;
				PRODUCT_NAME = "$(TARGET_NAME)";
				SWIFT_VERSION = 4.0;
				TARGETED_DEVICE_FAMILY = "1,2";
			};
			name = Debug;
		};
		576713632040B26F00369809 /* Release */ = {
			isa = XCBuildConfiguration;
			buildSettings = {
				ASSETCATALOG_COMPILER_APPICON_NAME = AppIcon;
				CODE_SIGN_STYLE = Automatic;
				INFOPLIST_FILE = MovieApp/Info.plist;
				LD_RUNPATH_SEARCH_PATHS = "$(inherited) @executable_path/Frameworks";
				PRODUCT_BUNDLE_IDENTIFIER = RaulPedrazaLeon.MovieApp;
				PRODUCT_NAME = "$(TARGET_NAME)";
				SWIFT_VERSION = 4.0;
				TARGETED_DEVICE_FAMILY = "1,2";
			};
			name = Release;
		};
		576713652040B26F00369809 /* Debug */ = {
			isa = XCBuildConfiguration;
			buildSettings = {
				ALWAYS_EMBED_SWIFT_STANDARD_LIBRARIES = YES;
				BUNDLE_LOADER = "$(TEST_HOST)";
				CODE_SIGN_STYLE = Automatic;
				INFOPLIST_FILE = MovieAppTests/Info.plist;
				LD_RUNPATH_SEARCH_PATHS = "$(inherited) @executable_path/Frameworks @loader_path/Frameworks";
				PRODUCT_BUNDLE_IDENTIFIER = RaulPedrazaLeon.MovieAppTests;
				PRODUCT_NAME = "$(TARGET_NAME)";
				SWIFT_VERSION = 4.0;
				TARGETED_DEVICE_FAMILY = "1,2";
				TEST_HOST = "$(BUILT_PRODUCTS_DIR)/MovieApp.app/MovieApp";
			};
			name = Debug;
		};
		576713662040B26F00369809 /* Release */ = {
			isa = XCBuildConfiguration;
			buildSettings = {
				ALWAYS_EMBED_SWIFT_STANDARD_LIBRARIES = YES;
				BUNDLE_LOADER = "$(TEST_HOST)";
				CODE_SIGN_STYLE = Automatic;
				INFOPLIST_FILE = MovieAppTests/Info.plist;
				LD_RUNPATH_SEARCH_PATHS = "$(inherited) @executable_path/Frameworks @loader_path/Frameworks";
				PRODUCT_BUNDLE_IDENTIFIER = RaulPedrazaLeon.MovieAppTests;
				PRODUCT_NAME = "$(TARGET_NAME)";
				SWIFT_VERSION = 4.0;
				TARGETED_DEVICE_FAMILY = "1,2";
				TEST_HOST = "$(BUILT_PRODUCTS_DIR)/MovieApp.app/MovieApp";
			};
			name = Release;
		};
		576713682040B26F00369809 /* Debug */ = {
			isa = XCBuildConfiguration;
			buildSettings = {
				ALWAYS_EMBED_SWIFT_STANDARD_LIBRARIES = YES;
				CODE_SIGN_STYLE = Automatic;
				INFOPLIST_FILE = MovieAppUITests/Info.plist;
				LD_RUNPATH_SEARCH_PATHS = "$(inherited) @executable_path/Frameworks @loader_path/Frameworks";
				PRODUCT_BUNDLE_IDENTIFIER = RaulPedrazaLeon.MovieAppUITests;
				PRODUCT_NAME = "$(TARGET_NAME)";
				SWIFT_VERSION = 4.0;
				TARGETED_DEVICE_FAMILY = "1,2";
				TEST_TARGET_NAME = MovieApp;
			};
			name = Debug;
		};
		576713692040B26F00369809 /* Release */ = {
			isa = XCBuildConfiguration;
			buildSettings = {
				ALWAYS_EMBED_SWIFT_STANDARD_LIBRARIES = YES;
				CODE_SIGN_STYLE = Automatic;
				INFOPLIST_FILE = MovieAppUITests/Info.plist;
				LD_RUNPATH_SEARCH_PATHS = "$(inherited) @executable_path/Frameworks @loader_path/Frameworks";
				PRODUCT_BUNDLE_IDENTIFIER = RaulPedrazaLeon.MovieAppUITests;
				PRODUCT_NAME = "$(TARGET_NAME)";
				SWIFT_VERSION = 4.0;
				TARGETED_DEVICE_FAMILY = "1,2";
				TEST_TARGET_NAME = MovieApp;
			};
			name = Release;
		};
/* End XCBuildConfiguration section */

/* Begin XCConfigurationList section */
		576713342040B26F00369809 /* Build configuration list for PBXProject "MovieApp" */ = {
			isa = XCConfigurationList;
			buildConfigurations = (
				5767135F2040B26F00369809 /* Debug */,
				576713602040B26F00369809 /* Release */,
			);
			defaultConfigurationIsVisible = 0;
			defaultConfigurationName = Release;
		};
		576713612040B26F00369809 /* Build configuration list for PBXNativeTarget "MovieApp" */ = {
			isa = XCConfigurationList;
			buildConfigurations = (
				576713622040B26F00369809 /* Debug */,
				576713632040B26F00369809 /* Release */,
			);
			defaultConfigurationIsVisible = 0;
			defaultConfigurationName = Release;
		};
		576713642040B26F00369809 /* Build configuration list for PBXNativeTarget "MovieAppTests" */ = {
			isa = XCConfigurationList;
			buildConfigurations = (
				576713652040B26F00369809 /* Debug */,
				576713662040B26F00369809 /* Release */,
			);
			defaultConfigurationIsVisible = 0;
			defaultConfigurationName = Release;
		};
		576713672040B26F00369809 /* Build configuration list for PBXNativeTarget "MovieAppUITests" */ = {
			isa = XCConfigurationList;
			buildConfigurations = (
				576713682040B26F00369809 /* Debug */,
				576713692040B26F00369809 /* Release */,
			);
			defaultConfigurationIsVisible = 0;
			defaultConfigurationName = Release;
		};
/* End XCConfigurationList section */
	};
	rootObject = 576713312040B26F00369809 /* Project object */;
}
